<?xml version="1.0" encoding="utf-8"?>
<Project ToolsVersion="4.0" xmlns="http://schemas.microsoft.com/developer/msbuild/2003">
  <ItemGroup>
    <Filter Include="Source Files">
      <UniqueIdentifier>{4FC737F1-C7A5-4376-A066-2A32D752A2FF}</UniqueIdentifier>
      <Extensions>cpp;c;cc;cxx;def;odl;idl;hpj;bat;asm;asmx</Extensions>
    </Filter>
    <Filter Include="Header Files">
      <UniqueIdentifier>{93995380-89BD-4b04-88EB-625FBE52EBFB}</UniqueIdentifier>
      <Extensions>h;hh;hpp;hxx;hm;inl;inc;ipp;xsd</Extensions>
    </Filter>
    <Filter Include="Resource Files">
      <UniqueIdentifier>{67DA6AB6-F800-4c08-8B7A-83BB121AAD01}</UniqueIdentifier>
      <Extensions>rc;ico;cur;bmp;dlg;rc2;rct;bin;rgs;gif;jpg;jpeg;jpe;resx;tiff;tif;png;wav;mfcribbon-ms</Extensions>
    </Filter>
    <Filter Include="Source Files\CommandLine">
      <UniqueIdentifier>{f6d50498-dbd3-4411-8fb3-075f11e1a615}</UniqueIdentifier>
    </Filter>
    <Filter Include="Source Files\Graphics">
      <UniqueIdentifier>{2664cc50-7571-4089-b61e-bb9ed06a6c19}</UniqueIdentifier>
    </Filter>
    <Filter Include="Source Files\IO">
      <UniqueIdentifier>{448dbbdf-f04e-4f3e-b0e0-022152683870}</UniqueIdentifier>
    </Filter>
    <Filter Include="Source Files\Resources">
      <UniqueIdentifier>{0d4f127e-a2e0-442b-83d9-003c20dc952f}</UniqueIdentifier>
    </Filter>
    <Filter Include="Header Files\CommandLine">
      <UniqueIdentifier>{bc0a04ab-4c1e-4eea-aea8-fc7f23cbfa6f}</UniqueIdentifier>
    </Filter>
    <Filter Include="Header Files\Graphics">
      <UniqueIdentifier>{0ed2a7b9-ccd5-4336-83b5-90ec6d57abb5}</UniqueIdentifier>
    </Filter>
    <Filter Include="Header Files\IO">
      <UniqueIdentifier>{c65bba0f-2887-484b-9d4c-cf64103a1473}</UniqueIdentifier>
    </Filter>
    <Filter Include="Header Files\Resources">
      <UniqueIdentifier>{69ae7c9f-959c-44f4-8c60-a0762bfbb6d3}</UniqueIdentifier>
    </Filter>
    <Filter Include="Source Files\Communication">
      <UniqueIdentifier>{eeab0b65-c7a7-479f-8490-63ad902459a4}</UniqueIdentifier>
    </Filter>
    <Filter Include="Header Files\Communication">
      <UniqueIdentifier>{29c9f32d-ec99-4a28-868c-8b9983fe9aa9}</UniqueIdentifier>
    </Filter>
    <Filter Include="Source Files\Gameplay">
      <UniqueIdentifier>{d5af4e52-96d5-49cd-9818-f58fffc9341b}</UniqueIdentifier>
    </Filter>
    <Filter Include="Header Files\Gameplay">
      <UniqueIdentifier>{d5d347ce-005e-48f1-94e7-01cbb068ae95}</UniqueIdentifier>
    </Filter>
    <Filter Include="Source Files\Lib">
      <UniqueIdentifier>{415e2d6d-1225-45f2-b79f-66b93eaf8cad}</UniqueIdentifier>
    </Filter>
    <Filter Include="Header Files\Lib">
      <UniqueIdentifier>{aaf831a7-eadd-43f6-8813-741957a74ff4}</UniqueIdentifier>
    </Filter>
  </ItemGroup>
  <ItemGroup>
    <ClCompile Include="WinApiPractice.cpp">
      <Filter>Source Files</Filter>
    </ClCompile>
    <ClCompile Include="filemapping.cpp">
      <Filter>Source Files\IO</Filter>
    </ClCompile>
    <ClCompile Include="files.cpp">
      <Filter>Source Files\IO</Filter>
    </ClCompile>
    <ClCompile Include="filestream.cpp">
      <Filter>Source Files\IO</Filter>
    </ClCompile>
    <ClCompile Include="variables.cpp">
      <Filter>Source Files\IO</Filter>
    </ClCompile>
    <ClCompile Include="winapi.cpp">
      <Filter>Source Files\IO</Filter>
    </ClCompile>
    <ClCompile Include="commandline.cpp">
      <Filter>Source Files\CommandLine</Filter>
    </ClCompile>
    <ClCompile Include="preferences.cpp">
      <Filter>Source Files</Filter>
    </ClCompile>
    <ClCompile Include="GridPainter.cpp">
      <Filter>Header Files\Graphics</Filter>
    </ClCompile>
    <ClCompile Include="WindowArea.cpp">
      <Filter>Header Files\Graphics</Filter>
    </ClCompile>
    <ClCompile Include="LibraryHandle.cpp">
      <Filter>Source Files\Resources</Filter>
    </ClCompile>
    <ClCompile Include="SharedStorage.cpp">
      <Filter>Header Files\Communication</Filter>
    </ClCompile>
    <ClCompile Include="Notificator.cpp">
      <Filter>Header Files\Communication</Filter>
    </ClCompile>
    <ClCompile Include="GameState.cpp">
      <Filter>Header Files\Gameplay</Filter>
    </ClCompile>
    <ClCompile Include="GameSession.cpp">
      <Filter>Header Files\Gameplay</Filter>
    </ClCompile>
    <ClCompile Include="GraphicsThread.cpp">
      <Filter>Header Files\Graphics</Filter>
    </ClCompile>
    <ClCompile Include="Math.cpp">
      <Filter>Source Files\Lib</Filter>
    </ClCompile>
    <ClCompile Include="DynamicColor.cpp">
      <Filter>Source Files\Lib</Filter>
    </ClCompile>
    <ClCompile Include="Color.cpp">
      <Filter>Source Files\Lib</Filter>
    </ClCompile>
  </ItemGroup>
  <ItemGroup>
    <ClInclude Include="filemapping.h">
      <Filter>Header Files\IO</Filter>
    </ClInclude>
    <ClInclude Include="files.h">
      <Filter>Header Files\IO</Filter>
    </ClInclude>
    <ClInclude Include="filestream.h">
      <Filter>Header Files\IO</Filter>
    </ClInclude>
    <ClInclude Include="variables.h">
      <Filter>Header Files\IO</Filter>
    </ClInclude>
    <ClInclude Include="winapi.h">
      <Filter>Header Files\IO</Filter>
    </ClInclude>
    <ClInclude Include="commandline.h">
      <Filter>Header Files\CommandLine</Filter>
    </ClInclude>
    <ClInclude Include="preferences.h">
      <Filter>Header Files</Filter>
    </ClInclude>
    <ClInclude Include="GridPainter.h">
      <Filter>Source Files\Graphics</Filter>
    </ClInclude>
    <ClInclude Include="WindowArea.h">
      <Filter>Source Files\Graphics</Filter>
    </ClInclude>
    <ClInclude Include="LibraryHandle.h">
      <Filter>Header Files\Resources</Filter>
    </ClInclude>
    <ClInclude Include="SharedStorage.h">
      <Filter>Source Files\Communication</Filter>
    </ClInclude>
    <ClInclude Include="Notificator.h">
      <Filter>Source Files\Communication</Filter>
    </ClInclude>
    <ClInclude Include="GraphicsThread.h">
      <Filter>Source Files\Graphics</Filter>
    </ClInclude>
    <ClInclude Include="GameState.h">
      <Filter>Source Files\Gameplay</Filter>
    </ClInclude>
    <ClInclude Include="GameSession.h">
      <Filter>Source Files\Gameplay</Filter>
    </ClInclude>
    <ClInclude Include="Math.h">
      <Filter>Header Files\Lib</Filter>
    </ClInclude>
    <ClInclude Include="DynamicColor.h">
      <Filter>Header Files\Lib</Filter>
    </ClInclude>
    <ClInclude Include="Color.h">
      <Filter>Header Files\Lib</Filter>
    </ClInclude>
  </ItemGroup>
  <ItemGroup>
    <None Include="config.ini">
      <Filter>Resource Files</Filter>
    </None>
  </ItemGroup>
</Project>